{
    "version": 3,
    "terraform_version": "0.11.8",
    "serial": 13,
    "lineage": "df10a7b0-75a5-6484-2d85-eddfad2e7e84",
    "modules": [
        {
            "path": [
                "root"
            ],
            "outputs": {},
            "resources": {
                "google_compute_instance.default": {
                    "type": "google_compute_instance",
                    "depends_on": [],
                    "primary": {
                        "id": "default",
                        "attributes": {
                            "attached_disk.#": "0",
                            "boot_disk.#": "1",
                            "boot_disk.0.auto_delete": "true",
                            "boot_disk.0.device_name": "persistent-disk-0",
                            "boot_disk.0.disk_encryption_key_raw": "",
                            "boot_disk.0.disk_encryption_key_sha256": "",
                            "boot_disk.0.initialize_params.#": "1",
                            "boot_disk.0.initialize_params.0.image": "https://www.googleapis.com/compute/v1/projects/centos-cloud/global/images/centos-7-v20180815",
                            "boot_disk.0.initialize_params.0.size": "10",
                            "boot_disk.0.initialize_params.0.type": "pd-standard",
                            "boot_disk.0.source": "https://www.googleapis.com/compute/v1/projects/eastern-gearbox-214108/zones/europe-west2-c/disks/default",
                            "can_ip_forward": "false",
                            "cpu_platform": "Intel Broadwell",
                            "create_timeout": "4",
                            "deletion_protection": "false",
                            "guest_accelerator.#": "0",
                            "id": "default",
                            "instance_id": "1030838045010609185",
                            "label_fingerprint": "42WmSpB8rSM=",
                            "labels.%": "0",
                            "machine_type": "f1-micro",
                            "metadata.%": "1",
                            "metadata.sshKeys": "terraform:ssh-rsa AAAAB3NzaC1yc2EAAAADAQABAAABAQDgSg+JFLwkbPjmZuLeB6nj5lNwt0xKkn/woicypVAYbJi98/HOfsycb3+k/pvKPb3nEI4Wehj1h3U+T+mQ+0P6K7Jmi088QgXXRz7AM0wRIWpXZm1psSWiA2qecjWIy3X8yzIVWaLsNDomNxcMlvLqnwbeTtI3nhVr9akSdcopkxgDRCUFlggLDDmmPMl+8vgPtGneP/Fu3OB00tujmffm+V1B1j5b8ee2D4SXvVB7SNCcpv1i9Mw5q+FkS8eO939kWV34Nwq8dkMib/Nh2oh6aI50k8t4ohGXktXy+FCj9vV2DYO06sayFgPKJOsNTeSoz6A5w4umGiAXoN0SE7V/ vagrant@localhost.localdomain\n",
                            "metadata_fingerprint": "QW-aDQu7Eo4=",
                            "metadata_startup_script": "",
                            "min_cpu_platform": "",
                            "name": "default",
                            "network_interface.#": "1",
                            "network_interface.0.access_config.#": "1",
                            "network_interface.0.access_config.0.assigned_nat_ip": "35.230.131.101",
                            "network_interface.0.access_config.0.nat_ip": "35.230.131.101",
                            "network_interface.0.access_config.0.network_tier": "PREMIUM",
                            "network_interface.0.access_config.0.public_ptr_domain_name": "",
                            "network_interface.0.address": "10.154.0.2",
                            "network_interface.0.alias_ip_range.#": "0",
                            "network_interface.0.name": "nic0",
                            "network_interface.0.network": "https://www.googleapis.com/compute/v1/projects/eastern-gearbox-214108/global/networks/default",
                            "network_interface.0.network_ip": "10.154.0.2",
                            "network_interface.0.subnetwork": "https://www.googleapis.com/compute/v1/projects/eastern-gearbox-214108/regions/europe-west2/subnetworks/default",
                            "network_interface.0.subnetwork_project": "eastern-gearbox-214108",
                            "project": "eastern-gearbox-214108",
                            "scheduling.#": "1",
                            "scheduling.0.automatic_restart": "false",
                            "scheduling.0.on_host_maintenance": "MIGRATE",
                            "scheduling.0.preemptible": "false",
                            "scratch_disk.#": "0",
                            "self_link": "https://www.googleapis.com/compute/v1/projects/eastern-gearbox-214108/zones/europe-west2-c/instances/default",
                            "service_account.#": "0",
                            "tags.#": "0",
                            "tags_fingerprint": "42WmSpB8rSM=",
                            "zone": "europe-west2-c"
                        },
                        "meta": {
                            "e2bfb730-ecaa-11e6-8f88-34363bc7c4c0": {
                                "create": 360000000000,
                                "delete": 360000000000,
                                "update": 360000000000
                            },
                            "schema_version": "6"
                        },
                        "tainted": false
                    },
                    "deposed": [],
                    "provider": "provider.google"
                }
            },
            "depends_on": []
        }
    ]
}
